
Microsoft Visual Studio Solution File, Format Version 12.00
# Visual Studio Version 16
VisualStudioVersion = 16.0.31729.503
MinimumVisualStudioVersion = 10.0.40219.1
Project("{9A19103F-16F7-4668-BE54-9A1E7A4F7556}") = "ChargingStationCore", "ChargingStation\ChargingStationCore.csproj", "{2D1BF71B-2F05-49A4-BF15-390CF91750B4}"
EndProject
Project("{9A19103F-16F7-4668-BE54-9A1E7A4F7556}") = "ChargingStationTests", "TestProject1\ChargingStationTests.csproj", "{9691DD24-C4BF-4B43-9823-9B6C6DBF8257}"
EndProject
Global
	GlobalSection(SolutionConfigurationPlatforms) = preSolution
		Debug|Any CPU = Debug|Any CPU
		Release|Any CPU = Release|Any CPU
	EndGlobalSection
	GlobalSection(ProjectConfigurationPlatforms) = postSolution
		{2D1BF71B-2F05-49A4-BF15-390CF91750B4}.Debug|Any CPU.ActiveCfg = Debug|Any CPU
		{2D1BF71B-2F05-49A4-BF15-390CF91750B4}.Debug|Any CPU.Build.0 = Debug|Any CPU
		{2D1BF71B-2F05-49A4-BF15-390CF91750B4}.Release|Any CPU.ActiveCfg = Release|Any CPU
		{2D1BF71B-2F05-49A4-BF15-390CF91750B4}.Release|Any CPU.Build.0 = Release|Any CPU
		{9691DD24-C4BF-4B43-9823-9B6C6DBF8257}.Debug|Any CPU.ActiveCfg = Debug|Any CPU
		{9691DD24-C4BF-4B43-9823-9B6C6DBF8257}.Debug|Any CPU.Build.0 = Debug|Any CPU
		{9691DD24-C4BF-4B43-9823-9B6C6DBF8257}.Release|Any CPU.ActiveCfg = Release|Any CPU
		{9691DD24-C4BF-4B43-9823-9B6C6DBF8257}.Release|Any CPU.Build.0 = Release|Any CPU
	EndGlobalSection
	GlobalSection(SolutionProperties) = preSolution
		HideSolutionNode = FALSE
	EndGlobalSection
	GlobalSection(ExtensibilityGlobals) = postSolution
		SolutionGuid = {3ED623EE-C0AB-4235-8DCF-C3237BDA66B6}
	EndGlobalSection
EndGlobal
